# @generated - this file is auto-generated by `mise lock` https://mise.jdx.dev/dev-tools/mise-lock.html

lockfile_version = 2

[[tools.java]]
version = "zulu-25.36.205.0"
backend = "core:java"
specifiers = ["zulu-25"]

[tools.java."platforms.linux-arm64"]
checksum = "sha256:794526507a8f4792bd3dbe010fedb71e8540103b8e6773bf09d1f5e9360d38f8"
url = "https://cdn.azul.com/zulu/bin/zulu25.36.205-ca-jdk25.0.4.1-linux_aarch64.tar.gz"

[tools.java."platforms.linux-x64"]
checksum = "sha256:e11d92589de8fd55616a843e0298ba72348848bd49b675088e930b67538497cb"
url = "https://cdn.azul.com/zulu/bin/zulu25.36.205-ca-jdk25.0.4.1-linux_x64.tar.gz"

[tools.java."platforms.macos-arm64"]
checksum = "sha256:c2e610d1689ead4bbd860d1ee8634ffb0b61f3bd62b5573df315ce8fc00bc068"
url = "https://cdn.azul.com/zulu/bin/zulu25.36.205-ca-jdk25.0.4.1-macosx_aarch64.tar.gz"

[tools.java."platforms.macos-x64"]
checksum = "sha256:dc5c05d44b89fe753fb25e559cbc71b341b95d593aeb08a294afd61ff0dd3262"
url = "https://cdn.azul.com/zulu/bin/zulu25.36.205-ca-jdk25.0.4.1-macosx_x64.tar.gz"
